
Microsoft Visual Studio Solution File, Format Version 11.00
# Visual Studio 2010
# SharpDevelop 5.1
Project("{FAE04EC0-301F-11D3-BF4B-00C04F79EFBC}") = "RockPaperScissors", "RockPaperScissors\RockPaperScissors.csproj", "{0A9D51BD-3D9A-446C-9803-4EECC84BCEB9}"
EndProject
Global
	GlobalSection(SolutionConfigurationPlatforms) = preSolution
		Debug|Any CPU = Debug|Any CPU
		Release|Any CPU = Release|Any CPU
	EndGlobalSection
	GlobalSection(ProjectConfigurationPlatforms) = postSolution
		{0A9D51BD-3D9A-446C-9803-4EECC84BCEB9}.Debug|Any CPU.ActiveCfg = Debug|Any CPU
		{0A9D51BD-3D9A-446C-9803-4EECC84BCEB9}.Debug|Any CPU.Build.0 = Debug|Any CPU
		{0A9D51BD-3D9A-446C-9803-4EECC84BCEB9}.Release|Any CPU.ActiveCfg = Release|Any CPU
		{0A9D51BD-3D9A-446C-9803-4EECC84BCEB9}.Release|Any CPU.Build.0 = Release|Any CPU
	EndGlobalSection
EndGlobal
